
Microsoft Visual Studio Solution File, Format Version 12.00
# Visual Studio 15
VisualStudioVersion = 15.0.28307.106
MinimumVisualStudioVersion = 10.0.40219.1
Project("{2150E333-8FDC-42A3-9474-1A3956D46DE8}") = "Ders1", "Ders1", "{8CBD5B81-7D5A-41E4-B31F-53AA23F2ACBE}"
EndProject
Project("{FAE04EC0-301F-11D3-BF4B-00C04F79EFBC}") = "DatabaseFirstApp", "DatabaseFirstApp\DatabaseFirstApp.csproj", "{BEFC15E7-70DB-44D7-B884-EB4C7ABDC0CA}"
EndProject
Global
	GlobalSection(SolutionConfigurationPlatforms) = preSolution
		Debug|Any CPU = Debug|Any CPU
		Release|Any CPU = Release|Any CPU
	EndGlobalSection
	GlobalSection(ProjectConfigurationPlatforms) = postSolution
		{BEFC15E7-70DB-44D7-B884-EB4C7ABDC0CA}.Debug|Any CPU.ActiveCfg = Debug|Any CPU
		{BEFC15E7-70DB-44D7-B884-EB4C7ABDC0CA}.Debug|Any CPU.Build.0 = Debug|Any CPU
		{BEFC15E7-70DB-44D7-B884-EB4C7ABDC0CA}.Release|Any CPU.ActiveCfg = Release|Any CPU
		{BEFC15E7-70DB-44D7-B884-EB4C7ABDC0CA}.Release|Any CPU.Build.0 = Release|Any CPU
	EndGlobalSection
	GlobalSection(SolutionProperties) = preSolution
		HideSolutionNode = FALSE
	EndGlobalSection
	GlobalSection(NestedProjects) = preSolution
		{BEFC15E7-70DB-44D7-B884-EB4C7ABDC0CA} = {8CBD5B81-7D5A-41E4-B31F-53AA23F2ACBE}
	EndGlobalSection
	GlobalSection(ExtensibilityGlobals) = postSolution
		SolutionGuid = {7B87F221-7777-430A-8739-7C091F36B5F4}
	EndGlobalSection
EndGlobal
